// !$*UTF8*$!
{
	archiveVersion = 1;
	classes = {
	};
	objectVersion = 56;
	objects = {

/* Begin PBXBuildFile section */
		D03FA94F28F80D7E009AA311 /* AppDelegate.swift in Sources */ = {isa = PBXBuildFile; fileRef = D03FA94E28F80D7E009AA311 /* AppDelegate.swift */; };
		D03FA95128F80D7E009AA311 /* SceneDelegate.swift in Sources */ = {isa = PBXBuildFile; fileRef = D03FA95028F80D7E009AA311 /* SceneDelegate.swift */; };
		D03FA95328F80D7E009AA311 /* ViewController.swift in Sources */ = {isa = PBXBuildFile; fileRef = D03FA95228F80D7E009AA311 /* ViewController.swift */; };
		D03FA95628F80D7E009AA311 /* Main.storyboard in Resources */ = {isa = PBXBuildFile; fileRef = D03FA95428F80D7E009AA311 /* Main.storyboard */; };
		D03FA95928F80D7E009AA311 /* GsmForum.xcdatamodeld in Sources */ = {isa = PBXBuildFile; fileRef = D03FA95728F80D7E009AA311 /* GsmForum.xcdatamodeld */; };
		D03FA95B28F80D7F009AA311 /* Assets.xcassets in Resources */ = {isa = PBXBuildFile; fileRef = D03FA95A28F80D7F009AA311 /* Assets.xcassets */; };
		D03FA95E28F80D7F009AA311 /* LaunchScreen.storyboard in Resources */ = {isa = PBXBuildFile; fileRef = D03FA95C28F80D7F009AA311 /* LaunchScreen.storyboard */; };
		D0AEC58A292A63D800208456 /* Noto_Sans_SC in Resources */ = {isa = PBXBuildFile; fileRef = D0AEC589292A63D800208456 /* Noto_Sans_SC */; };
/* End PBXBuildFile section */

/* Begin PBXFileReference section */
		D03FA94B28F80D7E009AA311 /* GsmForum.app */ = {isa = PBXFileReference; explicitFileType = wrapper.application; includeInIndex = 0; path = GsmForum.app; sourceTree = BUILT_PRODUCTS_DIR; };
		D03FA94E28F80D7E009AA311 /* AppDelegate.swift */ = {isa = PBXFileReference; lastKnownFileType = sourcecode.swift; path = AppDelegate.swift; sourceTree = "<group>"; };
		D03FA95028F80D7E009AA311 /* SceneDelegate.swift */ = {isa = PBXFileReference; lastKnownFileType = sourcecode.swift; path = SceneDelegate.swift; sourceTree = "<group>"; };
		D03FA95228F80D7E009AA311 /* ViewController.swift */ = {isa = PBXFileReference; lastKnownFileType = sourcecode.swift; path = ViewController.swift; sourceTree = "<group>"; };
		D03FA95528F80D7E009AA311 /* Base */ = {isa = PBXFileReference; lastKnownFileType = file.storyboard; name = Base; path = Base.lproj/Main.storyboard; sourceTree = "<group>"; };
		D03FA95828F80D7E009AA311 /* GsmForum.xcdatamodel */ = {isa = PBXFileReference; lastKnownFileType = wrapper.xcdatamodel; path = GsmForum.xcdatamodel; sourceTree = "<group>"; };
		D03FA95A28F80D7F009AA311 /* Assets.xcassets */ = {isa = PBXFileReference; lastKnownFileType = folder.assetcatalog; path = Assets.xcassets; sourceTree = "<group>"; };
		D03FA95D28F80D7F009AA311 /* Base */ = {isa = PBXFileReference; lastKnownFileType = file.storyboard; name = Base; path = Base.lproj/LaunchScreen.storyboard; sourceTree = "<group>"; };
		D03FA95F28F80D7F009AA311 /* Info.plist */ = {isa = PBXFileReference; lastKnownFileType = text.plist.xml; path = Info.plist; sourceTree = "<group>"; };
		D0AEC589292A63D800208456 /* Noto_Sans_SC */ = {isa = PBXFileReference; lastKnownFileType = folder; path = Noto_Sans_SC; sourceTree = "<group>"; };
/* End PBXFileReference section */

/* Begin PBXFrameworksBuildPhase section */
		D03FA94828F80D7E009AA311 /* Frameworks */ = {
			isa = PBXFrameworksBuildPhase;
			buildActionMask = 2147483647;
			files = (
			);
			runOnlyForDeploymentPostprocessing = 0;
		};
/* End PBXFrameworksBuildPhase section */

/* Begin PBXGroup section */
		D03FA94228F80D7E009AA311 = {
			isa = PBXGroup;
			children = (
				D03FA94D28F80D7E009AA311 /* GsmForum */,
				D03FA94C28F80D7E009AA311 /* Products */,
			);
			sourceTree = "<group>";
		};
		D03FA94C28F80D7E009AA311 /* Products */ = {
			isa = PBXGroup;
			children = (
				D03FA94B28F80D7E009AA311 /* GsmForum.app */,
			);
			name = Products;
			sourceTree = "<group>";
		};
		D03FA94D28F80D7E009AA311 /* GsmForum */ = {
			isa = PBXGroup;
			children = (
				D0AEC588292A637E00208456 /* Fonts */,
				D03FA94E28F80D7E009AA311 /* AppDelegate.swift */,
				D03FA95028F80D7E009AA311 /* SceneDelegate.swift */,
				D03FA95228F80D7E009AA311 /* ViewController.swift */,
				D03FA95428F80D7E009AA311 /* Main.storyboard */,
				D03FA95A28F80D7F009AA311 /* Assets.xcassets */,
				D03FA95C28F80D7F009AA311 /* LaunchScreen.storyboard */,
				D03FA95F28F80D7F009AA311 /* Info.plist */,
				D03FA95728F80D7E009AA311 /* GsmForum.xcdatamodeld */,
			);
			path = GsmForum;
			sourceTree = "<group>";
		};
		D0AEC588292A637E00208456 /* Fonts */ = {
			isa = PBXGroup;
			children = (
				D0AEC589292A63D800208456 /* Noto_Sans_SC */,
			);
			path = Fonts;
			sourceTree = "<group>";
		};
/* End PBXGroup section */

/* Begin PBXNativeTarget section */
		D03FA94A28F80D7E009AA311 /* GsmForum */ = {
			isa = PBXNativeTarget;
			buildConfigurationList = D03FA96228F80D7F009AA311 /* Build configuration list for PBXNativeTarget "GsmForum" */;
			buildPhases = (
				D03FA94728F80D7E009AA311 /* Sources */,
				D03FA94828F80D7E009AA311 /* Frameworks */,
				D03FA94928F80D7E009AA311 /* Resources */,
			);
			buildRules = (
			);
			dependencies = (
			);
			name = GsmForum;
			productName = GsmForum;
			productReference = D03FA94B28F80D7E009AA311 /* GsmForum.app */;
			productType = "com.apple.product-type.application";
		};
/* End PBXNativeTarget section */

/* Begin PBXProject section */
		D03FA94328F80D7E009AA311 /* Project object */ = {
			isa = PBXProject;
			attributes = {
				BuildIndependentTargetsInParallel = 1;
				LastSwiftUpdateCheck = 1400;
				LastUpgradeCheck = 1400;
				TargetAttributes = {
					D03FA94A28F80D7E009AA311 = {
						CreatedOnToolsVersion = 14.0.1;
					};
				};
			};
			buildConfigurationList = D03FA94628F80D7E009AA311 /* Build configuration list for PBXProject "GsmForum" */;
			compatibilityVersion = "Xcode 14.0";
			developmentRegion = en;
			hasScannedForEncodings = 0;
			knownRegions = (
				en,
				Base,
			);
			mainGroup = D03FA94228F80D7E009AA311;
			productRefGroup = D03FA94C28F80D7E009AA311 /* Products */;
			projectDirPath = "";
			projectRoot = "";
			targets = (
				D03FA94A28F80D7E009AA311 /* GsmForum */,
			);
		};
/* End PBXProject section */

/* Begin PBXResourcesBuildPhase section */
		D03FA94928F80D7E009AA311 /* Resources */ = {
			isa = PBXResourcesBuildPhase;
			buildActionMask = 2147483647;
			files = (
				D03FA95E28F80D7F009AA311 /* LaunchScreen.storyboard in Resources */,
				D0AEC58A292A63D800208456 /* Noto_Sans_SC in Resources */,
				D03FA95B28F80D7F009AA311 /* Assets.xcassets in Resources */,
				D03FA95628F80D7E009AA311 /* Main.storyboard in Resources */,
			);
			runOnlyForDeploymentPostprocessing = 0;
		};
/* End PBXResourcesBuildPhase section */

/* Begin PBXSourcesBuildPhase section */
		D03FA94728F80D7E009AA311 /* Sources */ = {
			isa = PBXSourcesBuildPhase;
			buildActionMask = 2147483647;
			files = (
				D03FA95328F80D7E009AA311 /* ViewController.swift in Sources */,
				D03FA95928F80D7E009AA311 /* GsmForum.xcdatamodeld in Sources */,
				D03FA94F28F80D7E009AA311 /* AppDelegate.swift in Sources */,
				D03FA95128F80D7E009AA311 /* SceneDelegate.swift in Sources */,
			);
			runOnlyForDeploymentPostprocessing = 0;
		};
/* End PBXSourcesBuildPhase section */

/* Begin PBXVariantGroup section */
		D03FA95428F80D7E009AA311 /* Main.storyboard */ = {
			isa = PBXVariantGroup;
			children = (
				D03FA95528F80D7E009AA311 /* Base */,
			);
			name = Main.storyboard;
			sourceTree = "<group>";
		};
		D03FA95C28F80D7F009AA311 /* LaunchScreen.storyboard */ = {
			isa = PBXVariantGroup;
			children = (
				D03FA95D28F80D7F009AA311 /* Base */,
			);
			name = LaunchScreen.storyboard;
			sourceTree = "<group>";
		};
/* End PBXVariantGroup section */

/* Begin XCBuildConfiguration section */
		D03FA96028F80D7F009AA311 /* Debug */ = {
			isa = XCBuildConfiguration;
			buildSettings = {
				ALWAYS_SEARCH_USER_PATHS = NO;
				CLANG_ANALYZER_NONNULL = YES;
				CLANG_ANALYZER_NUMBER_OBJECT_CONVERSION = YES_AGGRESSIVE;
				CLANG_CXX_LANGUAGE_STANDARD = "gnu++20";
				CLANG_ENABLE_MODULES = YES;
				CLANG_ENABLE_OBJC_ARC = YES;
				CLANG_ENABLE_OBJC_WEAK = YES;
				CLANG_WARN_BLOCK_CAPTURE_AUTORELEASING = YES;
				CLANG_WARN_BOOL_CONVERSION = YES;
				CLANG_WARN_COMMA = YES;
				CLANG_WARN_CONSTANT_CONVERSION = YES;
				CLANG_WARN_DEPRECATED_OBJC_IMPLEMENTATIONS = YES;
				CLANG_WARN_DIRECT_OBJC_ISA_USAGE = YES_ERROR;
				CLANG_WARN_DOCUMENTATION_COMMENTS = YES;
				CLANG_WARN_EMPTY_BODY = YES;
				CLANG_WARN_ENUM_CONVERSION = YES;
				CLANG_WARN_INFINITE_RECURSION = YES;
				CLANG_WARN_INT_CONVERSION = YES;
				CLANG_WARN_NON_LITERAL_NULL_CONVERSION = YES;
				CLANG_WARN_OBJC_IMPLICIT_RETAIN_SELF = YES;
				CLANG_WARN_OBJC_LITERAL_CONVERSION = YES;
				CLANG_WARN_OBJC_ROOT_CLASS = YES_ERROR;
				CLANG_WARN_QUOTED_INCLUDE_IN_FRAMEWORK_HEADER = YES;
				CLANG_WARN_RANGE_LOOP_ANALYSIS = YES;
				CLANG_WARN_STRICT_PROTOTYPES = YES;
				CLANG_WARN_SUSPICIOUS_MOVE = YES;
				CLANG_WARN_UNGUARDED_AVAILABILITY = YES_AGGRESSIVE;
				CLANG_WARN_UNREACHABLE_CODE = YES;
				CLANG_WARN__DUPLICATE_METHOD_MATCH = YES;
				COPY_PHASE_STRIP = NO;
				DEBUG_INFORMATION_FORMAT = dwarf;
				ENABLE_STRICT_OBJC_MSGSEND = YES;
				ENABLE_TESTABILITY = YES;
				GCC_C_LANGUAGE_STANDARD = gnu11;
				GCC_DYNAMIC_NO_PIC = NO;
				GCC_NO_COMMON_BLOCKS = YES;
				GCC_OPTIMIZATION_LEVEL = 0;
				GCC_PREPROCESSOR_DEFINITIONS = (
					"DEBUG=1",
					"$(inherited)",
				);
				GCC_WARN_64_TO_32_BIT_CONVERSION = YES;
				GCC_WARN_ABOUT_RETURN_TYPE = YES_ERROR;
				GCC_WARN_UNDECLARED_SELECTOR = YES;
				GCC_WARN_UNINITIALIZED_AUTOS = YES_AGGRESSIVE;
				GCC_WARN_UNUSED_FUNCTION = YES;
				GCC_WARN_UNUSED_VARIABLE = YES;
				IPHONEOS_DEPLOYMENT_TARGET = 16.0;
				MTL_ENABLE_DEBUG_INFO = INCLUDE_SOURCE;
				MTL_FAST_MATH = YES;
				ONLY_ACTIVE_ARCH = YES;
				SDKROOT = iphoneos;
				SWIFT_ACTIVE_COMPILATION_CONDITIONS = DEBUG;
				SWIFT_OPTIMIZATION_LEVEL = "-Onone";
			};
			name = Debug;
		};
		D03FA96128F80D7F009AA311 /* Release */ = {
			isa = XCBuildConfiguration;
			buildSettings = {
				ALWAYS_SEARCH_USER_PATHS = NO;
				CLANG_ANALYZER_NONNULL = YES;
				CLANG_ANALYZER_NUMBER_OBJECT_CONVERSION = YES_AGGRESSIVE;
				CLANG_CXX_LANGUAGE_STANDARD = "gnu++20";
				CLANG_ENABLE_MODULES = YES;
				CLANG_ENABLE_OBJC_ARC = YES;
				CLANG_ENABLE_OBJC_WEAK = YES;
				CLANG_WARN_BLOCK_CAPTURE_AUTORELEASING = YES;
				CLANG_WARN_BOOL_CONVERSION = YES;
				CLANG_WARN_COMMA = YES;
				CLANG_WARN_CONSTANT_CONVERSION = YES;
				CLANG_WARN_DEPRECATED_OBJC_IMPLEMENTATIONS = YES;
				CLANG_WARN_DIRECT_OBJC_ISA_USAGE = YES_ERROR;
				CLANG_WARN_DOCUMENTATION_COMMENTS = YES;
				CLANG_WARN_EMPTY_BODY = YES;
				CLANG_WARN_ENUM_CONVERSION = YES;
				CLANG_WARN_INFINITE_RECURSION = YES;
				CLANG_WARN_INT_CONVERSION = YES;
				CLANG_WARN_NON_LITERAL_NULL_CONVERSION = YES;
				CLANG_WARN_OBJC_IMPLICIT_RETAIN_SELF = YES;
				CLANG_WARN_OBJC_LITERAL_CONVERSION = YES;
				CLANG_WARN_OBJC_ROOT_CLASS = YES_ERROR;
				CLANG_WARN_QUOTED_INCLUDE_IN_FRAMEWORK_HEADER = YES;
				CLANG_WARN_RANGE_LOOP_ANALYSIS = YES;
				CLANG_WARN_STRICT_PROTOTYPES = YES;
				CLANG_WARN_SUSPICIOUS_MOVE = YES;
				CLANG_WARN_UNGUARDED_AVAILABILITY = YES_AGGRESSIVE;
				CLANG_WARN_UNREACHABLE_CODE = YES;
				CLANG_WARN__DUPLICATE_METHOD_MATCH = YES;
				COPY_PHASE_STRIP = NO;
				DEBUG_INFORMATION_FORMAT = "dwarf-with-dsym";
				ENABLE_NS_ASSERTIONS = NO;
				ENABLE_STRICT_OBJC_MSGSEND = YES;
				GCC_C_LANGUAGE_STANDARD = gnu11;
				GCC_NO_COMMON_BLOCKS = YES;
				GCC_WARN_64_TO_32_BIT_CONVERSION = YES;
				GCC_WARN_ABOUT_RETURN_TYPE = YES_ERROR;
				GCC_WARN_UNDECLARED_SELECTOR = YES;
				GCC_WARN_UNINITIALIZED_AUTOS = YES_AGGRESSIVE;
				GCC_WARN_UNUSED_FUNCTION = YES;
				GCC_WARN_UNUSED_VARIABLE = YES;
				IPHONEOS_DEPLOYMENT_TARGET = 16.0;
				MTL_ENABLE_DEBUG_INFO = NO;
				MTL_FAST_MATH = YES;
				SDKROOT = iphoneos;
				SWIFT_COMPILATION_MODE = wholemodule;
				SWIFT_OPTIMIZATION_LEVEL = "-O";
				VALIDATE_PRODUCT = YES;
			};
			name = Release;
		};
		D03FA96328F80D7F009AA311 /* Debug */ = {
			isa = XCBuildConfiguration;
			buildSettings = {
				ASSETCATALOG_COMPILER_APPICON_NAME = AppIcon;
				ASSETCATALOG_COMPILER_GLOBAL_ACCENT_COLOR_NAME = AccentColor;
				CODE_SIGN_STYLE = Automatic;
				CURRENT_PROJECT_VERSION = 1;
				DEVELOPMENT_TEAM = FHST2C78H4;
				GENERATE_INFOPLIST_FILE = YES;
				INFOPLIST_FILE = GsmForum/Info.plist;
				INFOPLIST_KEY_UIApplicationSupportsIndirectInputEvents = YES;
				INFOPLIST_KEY_UILaunchStoryboardName = LaunchScreen;
				INFOPLIST_KEY_UIMainStoryboardFile = Main;
				INFOPLIST_KEY_UISupportedInterfaceOrientations_iPad = "UIInterfaceOrientationPortrait UIInterfaceOrientationPortraitUpsideDown UIInterfaceOrientationLandscapeLeft UIInterfaceOrientationLandscapeRight";
				INFOPLIST_KEY_UISupportedInterfaceOrientations_iPhone = "UIInterfaceOrientationPortrait UIInterfaceOrientationLandscapeLeft UIInterfaceOrientationLandscapeRight";
				LD_RUNPATH_SEARCH_PATHS = (
					"$(inherited)",
					"@executable_path/Frameworks",
				);
				MARKETING_VERSION = 1.0;
				PRODUCT_BUNDLE_IDENTIFIER = MSG.GsmForum;
				PRODUCT_NAME = "$(TARGET_NAME)";
				SWIFT_EMIT_LOC_STRINGS = YES;
				SWIFT_VERSION = 5.0;
				TARGETED_DEVICE_FAMILY = "1,2";
			};
			name = Debug;
		};
		D03FA96428F80D7F009AA311 /* Release */ = {
			isa = XCBuildConfiguration;
			buildSettings = {
				ASSETCATALOG_COMPILER_APPICON_NAME = AppIcon;
				ASSETCATALOG_COMPILER_GLOBAL_ACCENT_COLOR_NAME = AccentColor;
				CODE_SIGN_STYLE = Automatic;
				CURRENT_PROJECT_VERSION = 1;
				DEVELOPMENT_TEAM = FHST2C78H4;
				GENERATE_INFOPLIST_FILE = YES;
				INFOPLIST_FILE = GsmForum/Info.plist;
				INFOPLIST_KEY_UIApplicationSupportsIndirectInputEvents = YES;
				INFOPLIST_KEY_UILaunchStoryboardName = LaunchScreen;
				INFOPLIST_KEY_UIMainStoryboardFile = Main;
				INFOPLIST_KEY_UISupportedInterfaceOrientations_iPad = "UIInterfaceOrientationPortrait UIInterfaceOrientationPortraitUpsideDown UIInterfaceOrientationLandscapeLeft UIInterfaceOrientationLandscapeRight";
				INFOPLIST_KEY_UISupportedInterfaceOrientations_iPhone = "UIInterfaceOrientationPortrait UIInterfaceOrientationLandscapeLeft UIInterfaceOrientationLandscapeRight";
				LD_RUNPATH_SEARCH_PATHS = (
					"$(inherited)",
					"@executable_path/Frameworks",
				);
				MARKETING_VERSION = 1.0;
				PRODUCT_BUNDLE_IDENTIFIER = MSG.GsmForum;
				PRODUCT_NAME = "$(TARGET_NAME)";
				SWIFT_EMIT_LOC_STRINGS = YES;
				SWIFT_VERSION = 5.0;
				TARGETED_DEVICE_FAMILY = "1,2";
			};
			name = Release;
		};
/* End XCBuildConfiguration section */

/* Begin XCConfigurationList section */
		D03FA94628F80D7E009AA311 /* Build configuration list for PBXProject "GsmForum" */ = {
			isa = XCConfigurationList;
			buildConfigurations = (
				D03FA96028F80D7F009AA311 /* Debug */,
				D03FA96128F80D7F009AA311 /* Release */,
			);
			defaultConfigurationIsVisible = 0;
			defaultConfigurationName = Release;
		};
		D03FA96228F80D7F009AA311 /* Build configuration list for PBXNativeTarget "GsmForum" */ = {
			isa = XCConfigurationList;
			buildConfigurations = (
				D03FA96328F80D7F009AA311 /* Debug */,
				D03FA96428F80D7F009AA311 /* Release */,
			);
			defaultConfigurationIsVisible = 0;
			defaultConfigurationName = Release;
		};
/* End XCConfigurationList section */

/* Begin XCVersionGroup section */
		D03FA95728F80D7E009AA311 /* GsmForum.xcdatamodeld */ = {
			isa = XCVersionGroup;
			children = (
				D03FA95828F80D7E009AA311 /* GsmForum.xcdatamodel */,
			);
			currentVersion = D03FA95828F80D7E009AA311 /* GsmForum.xcdatamodel */;
			path = GsmForum.xcdatamodeld;
			sourceTree = "<group>";
			versionGroupType = wrapper.xcdatamodel;
		};
/* End XCVersionGroup section */
	};
	rootObject = D03FA94328F80D7E009AA311 /* Project object */;
}
